{
  "version": "2",
  "remote": {
    "https://deno.land/std@0.177.0/_util/asserts.ts": "178dfc49a464aee693a7e285567b3d0b555dc805ff490505a8aae34f9cfb1462",
    "https://deno.land/std@0.177.0/_util/os.ts": "d932f56d41e4f6a6093d56044e29ce637f8dcc43c5a90af43504a889cf1775e3",
    "https://deno.land/std@0.177.0/bytes/index_of_needle.ts": "65c939607df609374c4415598fa4dad04a2f14c4d98cd15775216f0aaf597f24",
    "https://deno.land/std@0.177.0/encoding/base64.ts": "7de04c2f8aeeb41453b09b186480be90f2ff357613b988e99fabb91d2eeceba1",
    "https://deno.land/std@0.177.0/encoding/base64url.ts": "3f1178f6446834457b16bfde8b559c1cd3481727fe384d3385e4a9995dc2d851",
    "https://deno.land/std@0.177.0/node/_core.ts": "9a58c0ef98ee77e9b8fcc405511d1b37a003a705eb6a9b6e95f75434d8009adc",
    "https://deno.land/std@0.177.0/node/_utils.ts": "7fd55872a0cf9275e3c080a60e2fa6d45b8de9e956ebcde9053e72a344185884",
    "https://deno.land/std@0.177.0/node/buffer.ts": "85617be2063eccaf177dbb84c7580d1e32023724ed14bd9df4e453b152a26167",
    "https://deno.land/std@0.177.0/node/internal/buffer.d.ts": "bdfa991cd88cb02fd08bf8235d2618550e3e511c970b2a8f2e1a6885a2793cac",
    "https://deno.land/std@0.177.0/node/internal/buffer.mjs": "e92303a3cc6d9aaabcd270a937ad9319825d9ba08cb332650944df4562029b27",
    "https://deno.land/std@0.177.0/node/internal/crypto/_keys.ts": "8f3c3b5a141aa0331a53c205e9338655f1b3b307a08085fd6ff6dda6f7c4190b",
    "https://deno.land/std@0.177.0/node/internal/crypto/constants.ts": "544d605703053218499b08214f2e25cf4310651d535b7ab995891c4b7a217693",
    "https://deno.land/std@0.177.0/node/internal/error_codes.ts": "8495e33f448a484518d76fa3d41d34fc20fe03c14b30130ad8e936b0035d4b8b",
    "https://deno.land/std@0.177.0/node/internal/errors.ts": "1c699b8a3cb93174f697a348c004b1c6d576b66688eac8a48ebb78e65c720aae",
    "https://deno.land/std@0.177.0/node/internal/hide_stack_frames.ts": "9dd1bad0a6e62a1042ce3a51eb1b1ecee2f246907bff44835f86e8f021de679a",
    "https://deno.land/std@0.177.0/node/internal/normalize_encoding.mjs": "fd1d9df61c44d7196432f6e8244621468715131d18cc79cd299fc78ac549f707",
    "https://deno.land/std@0.177.0/node/internal/primordials.mjs": "a72d86b5aa55d3d50b8e916b6a59b7cc0dc5a31da8937114b4a113ad5aa08c74",
    "https://deno.land/std@0.177.0/node/internal/util.mjs": "f7fe2e1ca5e66f550ad0856b9f5ee4d666f0c071fe212ea7fc7f37cfa81f97a5",
    "https://deno.land/std@0.177.0/node/internal/util/inspect.mjs": "11d7c9cab514b8e485acc3978c74b837263ff9c08ae4537fa18ad56bae633259",
    "https://deno.land/std@0.177.0/node/internal/util/types.ts": "0e587b44ec5e017cf228589fc5ce9983b75beece6c39409c34170cfad49d6417",
    "https://deno.land/std@0.177.0/node/internal/validators.mjs": "e02f2b02dd072a5d623970292588d541204dc82207b4c58985d933a5f4b382e6",
    "https://deno.land/std@0.177.0/node/internal_binding/_libuv_winerror.ts": "30c9569603d4b97a1f1a034d88a3f74800d5ea1f12fcc3d225c9899d4e1a518b",
    "https://deno.land/std@0.177.0/node/internal_binding/_node.ts": "cb2389b0eab121df99853eb6a5e3a684e4537e065fb8bf2cca0cbf219ce4e32e",
    "https://deno.land/std@0.177.0/node/internal_binding/_utils.ts": "7c58a2fbb031a204dee9583ba211cf9c67922112fe77e7f0b3226112469e9fe1",
    "https://deno.land/std@0.177.0/node/internal_binding/_winerror.ts": "3e8cfdfe22e89f13d2b28529bab35155e6b1730c0221ec5a6fc7077dc037be13",
    "https://deno.land/std@0.177.0/node/internal_binding/buffer.ts": "31729e0537921d6c730ad0afea44a7e8a0a1044d070ade8368226cb6f7390c8b",
    "https://deno.land/std@0.177.0/node/internal_binding/constants.ts": "21ff9d1ee71d0a2086541083a7711842fc6ae25e264dbf45c73815aadce06f4c",
    "https://deno.land/std@0.177.0/node/internal_binding/string_decoder.ts": "54c3c1cbd5a9254881be58bf22637965dc69535483014dab60487e299cb95445",
    "https://deno.land/std@0.177.0/node/internal_binding/types.ts": "2187595a58d2cf0134f4db6cc2a12bf777f452f52b15b6c3aed73fa072aa5fc3",
    "https://deno.land/std@0.177.0/node/internal_binding/util.ts": "808ff3b92740284184ab824adfc420e75398c88c8bccf5111f0c24ac18c48f10",
    "https://deno.land/std@0.177.0/node/internal_binding/uv.ts": "eb0048e30af4db407fb3f95563e30d70efd6187051c033713b0a5b768593a3a3",
    "https://deno.land/std@0.181.0/_util/asserts.ts": "178dfc49a464aee693a7e285567b3d0b555dc805ff490505a8aae34f9cfb1462",
    "https://deno.land/std@0.181.0/_util/os.ts": "d932f56d41e4f6a6093d56044e29ce637f8dcc43c5a90af43504a889cf1775e3",
    "https://deno.land/std@0.181.0/fmt/colors.ts": "d67e3cd9f472535241a8e410d33423980bec45047e343577554d3356e1f0ef4e",
    "https://deno.land/std@0.181.0/fs/_util.ts": "65381f341af1ff7f40198cee15c20f59951ac26e51ddc651c5293e24f9ce6f32",
    "https://deno.land/std@0.181.0/fs/copy.ts": "14214efd94fc3aa6db1e4af2b4b9578e50f7362b7f3725d5a14ad259a5df26c8",
    "https://deno.land/std@0.181.0/fs/empty_dir.ts": "c3d2da4c7352fab1cf144a1ecfef58090769e8af633678e0f3fabaef98594688",
    "https://deno.land/std@0.181.0/fs/ensure_dir.ts": "dc64c4c75c64721d4e3fb681f1382f803ff3d2868f08563ff923fdd20d071c40",
    "https://deno.land/std@0.181.0/fs/ensure_file.ts": "c38602670bfaf259d86ca824a94e6cb9e5eb73757fefa4ebf43a90dd017d53d9",
    "https://deno.land/std@0.181.0/fs/ensure_link.ts": "c0f5b2f0ec094ed52b9128eccb1ee23362a617457aa0f699b145d4883f5b2fb4",
    "https://deno.land/std@0.181.0/fs/ensure_symlink.ts": "5006ab2f458159c56d689b53b1e48d57e05eeb1eaf64e677f7f76a30bc4fdba1",
    "https://deno.land/std@0.181.0/fs/eol.ts": "f1f2eb348a750c34500741987b21d65607f352cf7205f48f4319d417fff42842",
    "https://deno.land/std@0.181.0/fs/exists.ts": "b8c8a457b71e9d7f29b9d2f87aad8dba2739cbe637e8926d6ba6e92567875f8e",
    "https://deno.land/std@0.181.0/fs/expand_glob.ts": "e4f56259a0a70fe23f05215b00de3ac5e6ba46646ab2a06ebbe9b010f81c972a",
    "https://deno.land/std@0.181.0/fs/mod.ts": "bc3d0acd488cc7b42627044caf47d72019846d459279544e1934418955ba4898",
    "https://deno.land/std@0.181.0/fs/move.ts": "4cb47f880e3f0582c55e71c9f8b1e5e8cfaacb5e84f7390781dd563b7298ec19",
    "https://deno.land/std@0.181.0/fs/walk.ts": "ea95ffa6500c1eda6b365be488c056edc7c883a1db41ef46ec3bf057b1c0fe32",
    "https://deno.land/std@0.181.0/jsonc/mod.ts": "b88dce28eb3645667caa856538ae2fe87af51410822544a0b45a4177ef3bd7dd",
    "https://deno.land/std@0.181.0/jsonc/parse.ts": "28103907dcf11a2e3a0a3e2fb24145a3e597ee3a208f54f06b97c3da85d2d99e",
    "https://deno.land/std@0.181.0/path/_constants.ts": "e49961f6f4f48039c0dfed3c3f93e963ca3d92791c9d478ac5b43183413136e0",
    "https://deno.land/std@0.181.0/path/_interface.ts": "6471159dfbbc357e03882c2266d21ef9afdb1e4aa771b0545e90db58a0ba314b",
    "https://deno.land/std@0.181.0/path/_util.ts": "d7abb1e0dea065f427b89156e28cdeb32b045870acdf865833ba808a73b576d0",
    "https://deno.land/std@0.181.0/path/common.ts": "ee7505ab01fd22de3963b64e46cff31f40de34f9f8de1fff6a1bd2fe79380000",
    "https://deno.land/std@0.181.0/path/glob.ts": "d479e0a695621c94d3fd7fe7abd4f9499caf32a8de13f25073451c6ef420a4e1",
    "https://deno.land/std@0.181.0/path/mod.ts": "bf718f19a4fdd545aee1b06409ca0805bd1b68ecf876605ce632e932fe54510c",
    "https://deno.land/std@0.181.0/path/posix.ts": "8b7c67ac338714b30c816079303d0285dd24af6b284f7ad63da5b27372a2c94d",
    "https://deno.land/std@0.181.0/path/separator.ts": "0fb679739d0d1d7bf45b68dacfb4ec7563597a902edbaf3c59b50d5bcadd93b1",
    "https://deno.land/std@0.181.0/path/win32.ts": "d186344e5583bcbf8b18af416d13d82b35a317116e6460a5a3953508c3de5bba",
    "https://deno.land/std@0.181.0/testing/_diff.ts": "1a3c044aedf77647d6cac86b798c6417603361b66b54c53331b312caeb447aea",
    "https://deno.land/std@0.181.0/testing/_format.ts": "a69126e8a469009adf4cf2a50af889aca364c349797e63174884a52ff75cf4c7",
    "https://deno.land/std@0.181.0/testing/_test_suite.ts": "30f018feeb3835f12ab198d8a518f9089b1bcb2e8c838a8b615ab10d5005465c",
    "https://deno.land/std@0.181.0/testing/asserts.ts": "e16d98b4d73ffc4ed498d717307a12500ae4f2cbe668f1a215632d19fcffc22f",
    "https://deno.land/std@0.181.0/testing/bdd.ts": "c5ca6d85940dbcc19b4d2bc3608d49ab65d81470aa91306d5efa4b0d5c945731",
    "https://deno.land/std@0.181.0/testing/mock.ts": "220ed9b8151cb2cac141043d4cfea7c47673fab5d18d1c1f0943297c8afb5d13",
    "https://deno.land/std@0.181.0/testing/snapshot.ts": "df277f1fc45da1b1274f1be339efb23cd5635fe98b8899be8de11b38a9be25cf",
    "https://deno.land/std@0.181.0/testing/types.ts": "6832887bea73ee3549dda953a8df41f8bfa8790219ab56a3b94b984a71a3b3e9",
    "https://esm.quack.id/fast-check@3.8.0": "c0459c4cbb579bb50fbc8e9640d3f309fc2aa4d9a0057d6aa2260643d9af7813",
    "https://esm.quack.id/v115/fast-check@3.8.0/deno/fast-check.mjs": "f64bdbc7be013df71cab73b91cf3a700e9ad5b1efdab5e60326b5f141b802429",
    "https://esm.quack.id/v115/fast-check@3.8.0/lib/types/arbitrary/_internals/builders/GeneratorValueBuilder.d.ts": "7f0f74aba03a361a4cc601dfb1cfa43d3863773c5c9263a2fe9ad88218f018b4",
    "https://esm.quack.id/v115/fast-check@3.8.0/lib/types/arbitrary/_internals/builders/TypedIntArrayArbitraryBuilder.d.ts": "6df86a0a24bf29b8ef5055800006833ecc6fa973883bca0cfa844ea1cd0925a3",
    "https://esm.quack.id/v115/fast-check@3.8.0/lib/types/arbitrary/_internals/helpers/DepthContext.d.ts": "f7f0f8a773341eb09d9d88a6f5ee2c567d8c823ad2e044017658c3100d50a332",
    "https://esm.quack.id/v115/fast-check@3.8.0/lib/types/arbitrary/_internals/helpers/JsonConstraintsBuilder.d.ts": "1f2e9a84212a1e3aca9a156859da081e12dd0a7da52e35d73ffbe6062259b041",
    "https://esm.quack.id/v115/fast-check@3.8.0/lib/types/arbitrary/_internals/helpers/MaxLengthFromMinLength.d.ts": "63aa0a9aa26aced773af0a69efe0cb58e12c7fc1257d1dcf951e9c301da67aee",
    "https://esm.quack.id/v115/fast-check@3.8.0/lib/types/arbitrary/_internals/helpers/QualifiedObjectConstraints.d.ts": "6dece58d8605fc573801ecb8e35e87452b7174bb6b78c75ff4756fca9f6eda93",
    "https://esm.quack.id/v115/fast-check@3.8.0/lib/types/arbitrary/_internals/interfaces/Scheduler.d.ts": "d1073441805dd79e3390f77a11d79f81bebd25cdbe95dc7811afecb79893cf22",
    "https://esm.quack.id/v115/fast-check@3.8.0/lib/types/arbitrary/_shared/StringSharedConstraints.d.ts": "ac4e184bddc486b48a956da234e866b52cdde5e9d26949540a428d8a5c869627",
    "https://esm.quack.id/v115/fast-check@3.8.0/lib/types/arbitrary/anything.d.ts": "61ea44e4f257870cbabb42aee325f3cd345951bf5b0302e2ba4eb25338278d3d",
    "https://esm.quack.id/v115/fast-check@3.8.0/lib/types/arbitrary/array.d.ts": "290481f367a10afa3695cd301a8c085239ea7b612b3c4b8b490c20a9b1676098",
    "https://esm.quack.id/v115/fast-check@3.8.0/lib/types/arbitrary/ascii.d.ts": "e9d6e59f8bf4a1ad2ed6fe72a6d1c2f466c30a1286a9986afcc4a59ea3d797b1",
    "https://esm.quack.id/v115/fast-check@3.8.0/lib/types/arbitrary/asciiString.d.ts": "7c0e22d9b55bb4c0d7d39e41aea6441e0532200be9a7ddbd113fd45c8eb9e9a0",
    "https://esm.quack.id/v115/fast-check@3.8.0/lib/types/arbitrary/base64.d.ts": "59e6300539e92eb548fbb08be03962d647f6cfe508f17e31103db71866f621d1",
    "https://esm.quack.id/v115/fast-check@3.8.0/lib/types/arbitrary/base64String.d.ts": "7def48a929617696988d912e938a8d1efd166d67470aa1f1ad6cc38fad08bf55",
    "https://esm.quack.id/v115/fast-check@3.8.0/lib/types/arbitrary/bigInt.d.ts": "ae5cc8308d008e21c6531e6432840ae6d077d32364bc84043be07bf538f1d43b",
    "https://esm.quack.id/v115/fast-check@3.8.0/lib/types/arbitrary/bigInt64Array.d.ts": "4a61b6f5b2180b1c688b706a7183e594a4f6e7e5abfa95516fd55dde0a1ebf17",
    "https://esm.quack.id/v115/fast-check@3.8.0/lib/types/arbitrary/bigIntN.d.ts": "13da7ec14740dc44b0bebffa08b91b108684504e88103029ee5cd02491658bde",
    "https://esm.quack.id/v115/fast-check@3.8.0/lib/types/arbitrary/bigUint.d.ts": "ec45ec9b5438105de8a7cdbddf40c9b15e9c73e99025517bff1a442550cf1c87",
    "https://esm.quack.id/v115/fast-check@3.8.0/lib/types/arbitrary/bigUint64Array.d.ts": "f79ed156d9053f51a21e1b613feb55463907b6c81da8ace869f2d1ad80e36ef2",
    "https://esm.quack.id/v115/fast-check@3.8.0/lib/types/arbitrary/bigUintN.d.ts": "c5a83f5378c8b330af92017f238c2e51863cee9f8db5b0cee10ef88f76baf451",
    "https://esm.quack.id/v115/fast-check@3.8.0/lib/types/arbitrary/boolean.d.ts": "113abf6521aa4ecbc82fefffbbf2fe9e842d312888fe1c5740ffb7b9acc453d0",
    "https://esm.quack.id/v115/fast-check@3.8.0/lib/types/arbitrary/char.d.ts": "882c11df176b38880c3bac7a522927dc05b921ea0d91ddb51c209fbca2c5c6a6",
    "https://esm.quack.id/v115/fast-check@3.8.0/lib/types/arbitrary/char16bits.d.ts": "fdc9c0e07edafd545a997eb3b07137f64c6c067f514604ed6711dce56ae2f107",
    "https://esm.quack.id/v115/fast-check@3.8.0/lib/types/arbitrary/clone.d.ts": "b38ec0fa2e158bd3862601b979a3003110f4d8e1c2593e07d94a80768f08a4bc",
    "https://esm.quack.id/v115/fast-check@3.8.0/lib/types/arbitrary/commands.d.ts": "bb014dde7c76db4a6a83750779739b40882190e5cba6bc8b37265878d976490d",
    "https://esm.quack.id/v115/fast-check@3.8.0/lib/types/arbitrary/compareBooleanFunc.d.ts": "af04d8e1decb1b27b1d43027bc49ba2d2b737ef2f8f22f7a86bd69cf1dfb0757",
    "https://esm.quack.id/v115/fast-check@3.8.0/lib/types/arbitrary/compareFunc.d.ts": "3c702b4e2e893f87778f0546c66b70ead4979d253f97588ae539ec8af5ae0c2d",
    "https://esm.quack.id/v115/fast-check@3.8.0/lib/types/arbitrary/constant.d.ts": "d115c9c31512d9c55a53cd9e3b539741b50de17bb091d1b3ecd7b04373805f54",
    "https://esm.quack.id/v115/fast-check@3.8.0/lib/types/arbitrary/constantFrom.d.ts": "7b99e1b22315ba53f8a673aba5879b41a5cb2264fb8aaea629aa5bd3ac375e7a",
    "https://esm.quack.id/v115/fast-check@3.8.0/lib/types/arbitrary/context.d.ts": "bccf49739f1c5cc85b1ea57c73b1bfb01b461c271a70ee00ced02ce389364429",
    "https://esm.quack.id/v115/fast-check@3.8.0/lib/types/arbitrary/date.d.ts": "275b323efc608c68774ee64fc7d15b1facfead1253ee9ee6c48c263ce6238d59",
    "https://esm.quack.id/v115/fast-check@3.8.0/lib/types/arbitrary/dictionary.d.ts": "fc2035a54241ce3c245d87d043745339cd81966f2a5653c64233402ecd96aeb8",
    "https://esm.quack.id/v115/fast-check@3.8.0/lib/types/arbitrary/domain.d.ts": "52de3578b9c99dc74a75e6e37c1b9a90af2a5c7f58aedf89e21b2b3dd36d7ae6",
    "https://esm.quack.id/v115/fast-check@3.8.0/lib/types/arbitrary/double.d.ts": "c03717638f4393cc12edb784eec0d435ddff264a47010885e2dbfec4ae023bd8",
    "https://esm.quack.id/v115/fast-check@3.8.0/lib/types/arbitrary/emailAddress.d.ts": "a7c07d3d4b13ea79915d1bf03c7f5b7102c11eda13dc3865551d978f00a17935",
    "https://esm.quack.id/v115/fast-check@3.8.0/lib/types/arbitrary/falsy.d.ts": "15e81ad7e811b98162e4eaa493717b7d069a771a5aa1bd89bef0ad444020ef6c",
    "https://esm.quack.id/v115/fast-check@3.8.0/lib/types/arbitrary/float.d.ts": "d84038a2fe484e0c87bf459db04cecf0b29f0bc00cb96d98a86df4154a2264f3",
    "https://esm.quack.id/v115/fast-check@3.8.0/lib/types/arbitrary/float32Array.d.ts": "637284224fa13a1eb39846065510049e7725a2b7da7692c0dd655b8d31bac78c",
    "https://esm.quack.id/v115/fast-check@3.8.0/lib/types/arbitrary/float64Array.d.ts": "54dcb30ecd5ba4c6e3f63e19e987dded13aeb79b82836d7a08f84c4142530656",
    "https://esm.quack.id/v115/fast-check@3.8.0/lib/types/arbitrary/fullUnicode.d.ts": "05a481309777662121612e3d5b8c5dc5a9d0add86be8c0f0e7d9b50d7f2ca258",
    "https://esm.quack.id/v115/fast-check@3.8.0/lib/types/arbitrary/fullUnicodeString.d.ts": "830a0c9bc22580c413d46b946d9ef5b5a4a581ab6857f8e28b3031a06fad0c3a",
    "https://esm.quack.id/v115/fast-check@3.8.0/lib/types/arbitrary/func.d.ts": "3e707706dc5a7472b704165824ddf55405de675a257e1e94dc1cd607d8ef8a7a",
    "https://esm.quack.id/v115/fast-check@3.8.0/lib/types/arbitrary/gen.d.ts": "c4cfe02b55290ea6d10203c5cb0882ac383072cb74bc1f5635872059ff464f85",
    "https://esm.quack.id/v115/fast-check@3.8.0/lib/types/arbitrary/hexa.d.ts": "37e576ebef11b4da0dd5854dee82eca9575979657bd692b349d890ee589e9ddd",
    "https://esm.quack.id/v115/fast-check@3.8.0/lib/types/arbitrary/hexaString.d.ts": "da502b515d68d024ce55a74c0465aa4b5721f59c551ca22de55d6391be8217e6",
    "https://esm.quack.id/v115/fast-check@3.8.0/lib/types/arbitrary/infiniteStream.d.ts": "7a2244a880a32f6f4ebc860a5f2d4e5c222b0ab749bb1e7b451aa36a5ed9dd18",
    "https://esm.quack.id/v115/fast-check@3.8.0/lib/types/arbitrary/int16Array.d.ts": "79eb9e2fb2ca41d1195ddb09a826553a0d8f3ac87c4b9dc75de5911a44c9fac2",
    "https://esm.quack.id/v115/fast-check@3.8.0/lib/types/arbitrary/int32Array.d.ts": "54cdfba1bb7534f699b510174cbf8b0d75d30fb3dd096fefebecc274cfd2321d",
    "https://esm.quack.id/v115/fast-check@3.8.0/lib/types/arbitrary/int8Array.d.ts": "90ed9622f096fcce1edd5c88a2b92221b6d954e000ceb58069a19a5dc5eb34e0",
    "https://esm.quack.id/v115/fast-check@3.8.0/lib/types/arbitrary/integer.d.ts": "6fd154b2d1671cc2dc1f45e248645ca0bdc2841c675bac3404172244cf37a8f4",
    "https://esm.quack.id/v115/fast-check@3.8.0/lib/types/arbitrary/ipV4.d.ts": "a208185e12c1c44cd1d8799fb94f42efabce0f1f589082b0c5169e05d34da0ca",
    "https://esm.quack.id/v115/fast-check@3.8.0/lib/types/arbitrary/ipV4Extended.d.ts": "f54b4cf7a1ab120bd1fe17f498e504e480d4662dd39b9cd6c1ca17fc049b0131",
    "https://esm.quack.id/v115/fast-check@3.8.0/lib/types/arbitrary/ipV6.d.ts": "3ae751bfca572327f4f17d86d1a2e70a4d0c00bac923ce436c4dbb89bc1c4823",
    "https://esm.quack.id/v115/fast-check@3.8.0/lib/types/arbitrary/json.d.ts": "5616b1b315ede87601ca8fad2dfe371ac29402b86d480c63481d190f2a793766",
    "https://esm.quack.id/v115/fast-check@3.8.0/lib/types/arbitrary/jsonValue.d.ts": "1e2d799cd7e88f25b3ac39494fbdd32e023d734bb354aac773b8ddc541f7abcd",
    "https://esm.quack.id/v115/fast-check@3.8.0/lib/types/arbitrary/letrec.d.ts": "ee66c419a6bcc8fb19d73d4b85d1fb0cbd784ae19e630419f94cd52976809cf1",
    "https://esm.quack.id/v115/fast-check@3.8.0/lib/types/arbitrary/lorem.d.ts": "b994fb102696e55e5590715bb654ed521716cbc2f2f48c2135fcf3d343435298",
    "https://esm.quack.id/v115/fast-check@3.8.0/lib/types/arbitrary/mapToConstant.d.ts": "5380edd6486466b5dd2f44b83b3b0fc2e8f56dfb4f7bd1994fac9bf121db9c20",
    "https://esm.quack.id/v115/fast-check@3.8.0/lib/types/arbitrary/maxSafeInteger.d.ts": "c49bea8e8db9a67076c80768aff87f540b100a2fb539763cf83bc11c4552ccbd",
    "https://esm.quack.id/v115/fast-check@3.8.0/lib/types/arbitrary/maxSafeNat.d.ts": "fca1e7db8af3e275310bcee8aa017a69e1bc752c948fdadd84ac337e1ed80ea8",
    "https://esm.quack.id/v115/fast-check@3.8.0/lib/types/arbitrary/memo.d.ts": "a3488328690c01e8ad43efdd181317e4bb40788ed780faa53e96942f2b93db69",
    "https://esm.quack.id/v115/fast-check@3.8.0/lib/types/arbitrary/mixedCase.d.ts": "86cbc989882a248059b2d90fddc95584515b8f137d3f9943467e851776b8400b",
    "https://esm.quack.id/v115/fast-check@3.8.0/lib/types/arbitrary/nat.d.ts": "51014296c74f500d363f33832213d71dde957531be50e64a959d8da2647d7574",
    "https://esm.quack.id/v115/fast-check@3.8.0/lib/types/arbitrary/object.d.ts": "44adde323eea81fc27615f673a19e2e31bb1d08b8b21017c1717ecb5c2cd4a8c",
    "https://esm.quack.id/v115/fast-check@3.8.0/lib/types/arbitrary/oneof.d.ts": "60c717069f8206bbb7294cdfecfe2221a6b529723ff356ccff62793d365646f8",
    "https://esm.quack.id/v115/fast-check@3.8.0/lib/types/arbitrary/option.d.ts": "d74d3c1f1ee90f6289c08be3d0f27f7e08f5ee7bc50e388ca4017281248ccddd",
    "https://esm.quack.id/v115/fast-check@3.8.0/lib/types/arbitrary/record.d.ts": "212c6e7a6b243dbf5f0a67f594ea23b0ef1042573cebe807831dd44d437552e0",
    "https://esm.quack.id/v115/fast-check@3.8.0/lib/types/arbitrary/scheduler.d.ts": "85a54f0ce2303c440c63cfece228341c240ddc0a0f781d19e97b1e1a6ad098ca",
    "https://esm.quack.id/v115/fast-check@3.8.0/lib/types/arbitrary/shuffledSubarray.d.ts": "89acfdfdb41d6c59a2e39c0498a7d579951d67236907560d5fc7df763c0e2af3",
    "https://esm.quack.id/v115/fast-check@3.8.0/lib/types/arbitrary/sparseArray.d.ts": "399e52bbc27e7fe7864f398d3f359188ede95152abe9e69e672c7997884b748b",
    "https://esm.quack.id/v115/fast-check@3.8.0/lib/types/arbitrary/string.d.ts": "5cd0a31aa8aca3a3511b590ea2281d387494fe662ba4dba30c88e60f4d17208f",
    "https://esm.quack.id/v115/fast-check@3.8.0/lib/types/arbitrary/string16bits.d.ts": "61859763f08cf659fae6b0ea799e73dd82a2f736f45890dd1cb666bec23d00c9",
    "https://esm.quack.id/v115/fast-check@3.8.0/lib/types/arbitrary/stringOf.d.ts": "8927dcf55af470acbba4aa484fa06c54dbac8cdb53acab58145f176974035826",
    "https://esm.quack.id/v115/fast-check@3.8.0/lib/types/arbitrary/subarray.d.ts": "68b8abcf43580130b00d9354884203e8f71766ecbe797ca763abe9bef9d045d2",
    "https://esm.quack.id/v115/fast-check@3.8.0/lib/types/arbitrary/tuple.d.ts": "96b60cabf6d1d01fe510b7e84b875cbf86f8d1a78a564f0d011158a7f513234f",
    "https://esm.quack.id/v115/fast-check@3.8.0/lib/types/arbitrary/uint16Array.d.ts": "0877035cb29bcae82980f07d29e3248028801021ae4d20b8d8df29a9aaefe8d2",
    "https://esm.quack.id/v115/fast-check@3.8.0/lib/types/arbitrary/uint32Array.d.ts": "2ff79134c2f5a37da41ec46d05ff0826f06e60df37f32ef09dae9b9bffbcba3c",
    "https://esm.quack.id/v115/fast-check@3.8.0/lib/types/arbitrary/uint8Array.d.ts": "a965ab4c59cae1837e649a98334691c77bf2216104c8b59c9c01a868599a5ba9",
    "https://esm.quack.id/v115/fast-check@3.8.0/lib/types/arbitrary/uint8ClampedArray.d.ts": "b3cd7d09d595c3937439f0627bf86de50214223e42025fa6217e8af1ca07648e",
    "https://esm.quack.id/v115/fast-check@3.8.0/lib/types/arbitrary/unicode.d.ts": "b36788a81d06116c0220920ca80828a22f48c1eefdefe2c706dacd2cfdf0f278",
    "https://esm.quack.id/v115/fast-check@3.8.0/lib/types/arbitrary/unicodeJson.d.ts": "454d5688e6dcffad18d75193c13b240fe61ce43202e1808ed914c8655402c365",
    "https://esm.quack.id/v115/fast-check@3.8.0/lib/types/arbitrary/unicodeJsonValue.d.ts": "fe663f57554d3f5e9fd6f63cef63e221a6303b36b98c6a57d9e91d899f4d77c6",
    "https://esm.quack.id/v115/fast-check@3.8.0/lib/types/arbitrary/unicodeString.d.ts": "336bc622ba6946ede80ac381eea8792fd6c2564051339d4defea914c4cf28fd1",
    "https://esm.quack.id/v115/fast-check@3.8.0/lib/types/arbitrary/uniqueArray.d.ts": "7047de3739faaa4e94680cc99c8a5bab7c12994a5b432cf82adc09dfeebd9b12",
    "https://esm.quack.id/v115/fast-check@3.8.0/lib/types/arbitrary/uuid.d.ts": "afe3ddb76cc1067b9ff54cdbd7780cb834631289366a25876821d5f3cb7a473b",
    "https://esm.quack.id/v115/fast-check@3.8.0/lib/types/arbitrary/uuidV.d.ts": "6f4a8b0e41265e2b6341e80ef202146275fc36977db1ef03332e7e57bebc8371",
    "https://esm.quack.id/v115/fast-check@3.8.0/lib/types/arbitrary/webAuthority.d.ts": "dd629b38f94c04ee71a9c7579d80d8538db68e1360dbe9c57efcc1c6faeff5eb",
    "https://esm.quack.id/v115/fast-check@3.8.0/lib/types/arbitrary/webFragments.d.ts": "b128363362c37f2e42c61d0a8cc1a78ca69c64f5d5181200d24395322581fc45",
    "https://esm.quack.id/v115/fast-check@3.8.0/lib/types/arbitrary/webPath.d.ts": "b0395d9187b9d2a9f188822482cdc6916ea8eebadf17449681557fa6eb3e7042",
    "https://esm.quack.id/v115/fast-check@3.8.0/lib/types/arbitrary/webQueryParameters.d.ts": "cb678422fcbb88523e054fb6397f381a14b6424014d526e9fef393293168232e",
    "https://esm.quack.id/v115/fast-check@3.8.0/lib/types/arbitrary/webSegment.d.ts": "1134586920d49f0fe5abbf9f4f780fb6e9d18b4df42d31ce66801560910a4530",
    "https://esm.quack.id/v115/fast-check@3.8.0/lib/types/arbitrary/webUrl.d.ts": "ebe0e4f9b213c8fed2d3c3318651881febed1f376a0e22092ad0539c25041a6b",
    "https://esm.quack.id/v115/fast-check@3.8.0/lib/types/check/arbitrary/definition/Arbitrary.d.ts": "408b0730df1790da001f13d2fd41b0dfe001aebfc1f6fe8725b1de3a9e02e04f",
    "https://esm.quack.id/v115/fast-check@3.8.0/lib/types/check/arbitrary/definition/Value.d.ts": "5fb96ac76831a84bb37be52115a0326385a61d7ad09240319f4da3cdbfb16aca",
    "https://esm.quack.id/v115/fast-check@3.8.0/lib/types/check/model/ModelRunner.d.ts": "010d292d4b61615bde9e8f43cd03b55ce237fb2d075308ae92241412cf3d5e4a",
    "https://esm.quack.id/v115/fast-check@3.8.0/lib/types/check/model/command/AsyncCommand.d.ts": "023c612efb8c6a2a90ba693177551d09d50571a773e9f4c094188405854318c3",
    "https://esm.quack.id/v115/fast-check@3.8.0/lib/types/check/model/command/Command.d.ts": "981f76a8953d6afa297caf794e8fc364c4c33abc74cd8d8e0933444369c35dd7",
    "https://esm.quack.id/v115/fast-check@3.8.0/lib/types/check/model/command/ICommand.d.ts": "34f4a5e5abcb889bd4a1c070db50d102facc8d438bc12fbcd28cf10106e5dec8",
    "https://esm.quack.id/v115/fast-check@3.8.0/lib/types/check/model/commands/CommandsContraints.d.ts": "bbcd4294da13436b9ac2b7cc2c443e9f511e109841b211032e6b2444975bd28f",
    "https://esm.quack.id/v115/fast-check@3.8.0/lib/types/check/precondition/Pre.d.ts": "25b68dd1fd5a52cb2e065829d31a033aa35cf8d92c9faa0004c576bcf145da97",
    "https://esm.quack.id/v115/fast-check@3.8.0/lib/types/check/precondition/PreconditionFailure.d.ts": "452fe24e89ccb5c653d705948d482cfd768541143b4e99695a6638a05d7b8e96",
    "https://esm.quack.id/v115/fast-check@3.8.0/lib/types/check/property/AsyncProperty.d.ts": "f9c2db6614158fcaa908e9bc05be8f94d25bae7800c4f731ea48f47906436878",
    "https://esm.quack.id/v115/fast-check@3.8.0/lib/types/check/property/AsyncProperty.generic.d.ts": "a87af255ebb3017fec2c73176383125441c6ad8f2483ecb912ac543a899c316b",
    "https://esm.quack.id/v115/fast-check@3.8.0/lib/types/check/property/IRawProperty.d.ts": "eb8710e7582d251076eac8dad8971303d40a000fa6996678f71e8a8d17c80ec6",
    "https://esm.quack.id/v115/fast-check@3.8.0/lib/types/check/property/Property.d.ts": "c57d26adb0b668bc2ee0187638155e6e2ddd465d6ad2b0b254c3d0bef4e6a72e",
    "https://esm.quack.id/v115/fast-check@3.8.0/lib/types/check/property/Property.generic.d.ts": "ed49e7da2ffaaec5229f172fa470db51928031dcd811533adb34d3c754ab9bb9",
    "https://esm.quack.id/v115/fast-check@3.8.0/lib/types/check/runner/Runner.d.ts": "ccaa31c819988a86eb62ead50b8711356fbece5d5c43d2f79b16c491b77d8c41",
    "https://esm.quack.id/v115/fast-check@3.8.0/lib/types/check/runner/Sampler.d.ts": "5146bba671469fb09385b9a222a501f3d209746e589a6e9c37f1d983de657301",
    "https://esm.quack.id/v115/fast-check@3.8.0/lib/types/check/runner/configuration/GlobalParameters.d.ts": "6a23954ef8a0bcdb4bc593c55054135343f5ad77440992104690b01605dd67a4",
    "https://esm.quack.id/v115/fast-check@3.8.0/lib/types/check/runner/configuration/Parameters.d.ts": "cba41b9c733e05760719f920c2399eb9da70acfe2c09220ac52786161e485ba7",
    "https://esm.quack.id/v115/fast-check@3.8.0/lib/types/check/runner/configuration/RandomType.d.ts": "fe9157ed26e6ab75adeead0164445d4ef49978baf2f9d2a5e635faf684d070d4",
    "https://esm.quack.id/v115/fast-check@3.8.0/lib/types/check/runner/configuration/VerbosityLevel.d.ts": "d0a02c12e4fb6b7c666773485e1ea53cdaa02b5b7c9483f370dccf1c815ff385",
    "https://esm.quack.id/v115/fast-check@3.8.0/lib/types/check/runner/reporter/ExecutionStatus.d.ts": "554edc2633760ba1c6ced5ce1e65586fe45f37c1f9f76052f68eadc4a06007b4",
    "https://esm.quack.id/v115/fast-check@3.8.0/lib/types/check/runner/reporter/ExecutionTree.d.ts": "3a132205c05056f0c10c4c85ac47c2c7e6535544162132e5549d4b02fead4e39",
    "https://esm.quack.id/v115/fast-check@3.8.0/lib/types/check/runner/reporter/RunDetails.d.ts": "a16ee50e800c5dc7460eb69ea9f51538a26871cc57bdc2a6f3d8c3ef3c1fb6d5",
    "https://esm.quack.id/v115/fast-check@3.8.0/lib/types/check/runner/utils/RunDetailsFormatter.d.ts": "d2d7855f023c75b161c8f91a30fbc151b78b04e49b193105d3b704d265993de0",
    "https://esm.quack.id/v115/fast-check@3.8.0/lib/types/check/symbols.d.ts": "7cae95b5b65941db32f44820159fa81605097327070ce7abc0508084e88d9366",
    "https://esm.quack.id/v115/fast-check@3.8.0/lib/types/fast-check-default.d.ts": "4c04d7da27aa8fbb5410b160e36d4f2d082b3bad8d52af17e447d8581b49a359",
    "https://esm.quack.id/v115/fast-check@3.8.0/lib/types/fast-check.d.ts": "dbaa3d7a85751e7ba352cb4aa151dc9f336b01eacf858c6880680755629dae97",
    "https://esm.quack.id/v115/fast-check@3.8.0/lib/types/random/generator/Random.d.ts": "b092ef7f09b2144fc666f40020c24e294deb579c6ec5b146b3a30ff6a2609d30",
    "https://esm.quack.id/v115/fast-check@3.8.0/lib/types/stream/Stream.d.ts": "4c7388d3bd2acd9437ba67183b5e26d9b44bbca1883c7915278a935e25feec01",
    "https://esm.quack.id/v115/fast-check@3.8.0/lib/types/utils/hash.d.ts": "82ea80af29aab4e0c39b6198d3b373ab6431b3f30ee02fdb8513fb1d80da2f98",
    "https://esm.quack.id/v115/fast-check@3.8.0/lib/types/utils/stringify.d.ts": "6252c4e1c67faebb31907262e329975c9c9574e662b8e1f29a9e1c65f4933fc1",
    "https://esm.quack.id/v115/pure-rand@6.0.1/deno/pure-rand.mjs": "435175d08945fa0c00632711e9c7235ebc1e5fa14c1d617fbeeffe493a5e6814",
    "https://esm.quack.id/v115/pure-rand@6.0.1/lib/types/distribution/Distribution.d.ts": "25ea418e1fa33977696b692063d517737dcbd629fcee3de24b21a9f3c9e7951d",
    "https://esm.quack.id/v115/pure-rand@6.0.1/lib/types/distribution/UniformArrayIntDistribution.d.ts": "b3fc8c9fdf5290499f7cb1c04f1251a86ebfeac86aa29801133f0cb2b2390a4c",
    "https://esm.quack.id/v115/pure-rand@6.0.1/lib/types/distribution/UniformBigIntDistribution.d.ts": "5edba019902c290ea745dae68342bf0ea3c6ca4ab7976cce1eeade9595248a10",
    "https://esm.quack.id/v115/pure-rand@6.0.1/lib/types/distribution/UniformIntDistribution.d.ts": "24716cdff206f03ee79f6582e9e83d44e6bb9d642981c9e3137c822cb3b439f2",
    "https://esm.quack.id/v115/pure-rand@6.0.1/lib/types/distribution/UnsafeUniformArrayIntDistribution.d.ts": "7d14eee1b15fd586b4e8d9064976c41fe764bf99ec9ef0f145515923eedd9e84",
    "https://esm.quack.id/v115/pure-rand@6.0.1/lib/types/distribution/UnsafeUniformBigIntDistribution.d.ts": "4d9968af71c74250b391170a0dec568e8a434edbd0cc31cdba07869b75152127",
    "https://esm.quack.id/v115/pure-rand@6.0.1/lib/types/distribution/UnsafeUniformIntDistribution.d.ts": "5afbdbd1a98a7dedabad336d7afb82d5bba35d44e1fc5270fa6a94489ca213bc",
    "https://esm.quack.id/v115/pure-rand@6.0.1/lib/types/distribution/internals/ArrayInt.d.ts": "e352c35e7a226a5ff81bc9139e6e41bd5990f291a123de224987f5da34e2f725",
    "https://esm.quack.id/v115/pure-rand@6.0.1/lib/types/generator/LinearCongruential.d.ts": "6e9b18f67e7b9519f5a1277a06546258047c1912f31b4f530415b3c43f5cea21",
    "https://esm.quack.id/v115/pure-rand@6.0.1/lib/types/generator/MersenneTwister.d.ts": "29e8d5aadb188e35b9357db9a984a9c4f8cc0c918a0301389d3191d8dbba1f84",
    "https://esm.quack.id/v115/pure-rand@6.0.1/lib/types/generator/RandomGenerator.d.ts": "fb3471ec497d1b29b43beae44fe13f2286726574a199c891da9a2c0ed244cfc3",
    "https://esm.quack.id/v115/pure-rand@6.0.1/lib/types/generator/XorShift.d.ts": "985cd9560f565c0d64388e84bddda6ead92519910f0626f48843a04db2f6263a",
    "https://esm.quack.id/v115/pure-rand@6.0.1/lib/types/generator/XoroShiro.d.ts": "2f57798ee7ece2c806781ce6de8770956685b75a0801a9e8fabcbd178178b116",
    "https://esm.quack.id/v115/pure-rand@6.0.1/lib/types/pure-rand-default.d.ts": "30dc7cb3761583a50fb1601720b6a85d4dd80b9cf0ee1756093ad7e57895d71f",
    "https://esm.quack.id/v115/pure-rand@6.0.1/lib/types/pure-rand.d.ts": "5df44747df1dce00a2140c078637ade9812852628aa9358ac133176eee97259f",
    "https://raw.githubusercontent.com/quackware/guards/master/object.ts": "b50d5528c4ee9884e53fd704c7815fe579ed5dccc1c420f3cb487ba8fa519bfb",
    "https://raw.githubusercontent.com/quackware/test-helpers/master/ci.ts": "f4040d6650de98fd6baabde4f6e6d33abe9674eef8eaf26c68d8f4256dec0a94",
    "https://raw.githubusercontent.com/quackware/test-helpers/master/deps.ts": "1c82aa9cda03e8f9f8ad45aea334153f7288c23b2987b984ebd7b7300a3c5865",
    "https://raw.githubusercontent.com/quackware/test-helpers/master/mod.ts": "b2c4b4326dea536ea813da28e0d671a075ea6103c60095e91a6493d9b525d6bd",
    "https://raw.githubusercontent.com/quackware/test-helpers/master/serializer.ts": "cd46b35e27dd39129b6c427759330bb2c612aff291bfceebbf0a4c8da559083b",
    "https://raw.githubusercontent.com/quackware/test-helpers/master/snapshot.ts": "d986b080575e9aa2adf9ddf72055caf320f5c16023c0593775035a60ddf6d7d5"
  }
}
